// !$*UTF8*$!
{
	archiveVersion = 1;
	classes = {
	};
	objectVersion = 51;
	objects = {

/* Begin PBXBuildFile section */
		1BFE583BFB67704B7EC283A5 /* Pods_CatchITTests.framework in Frameworks */ = {isa = PBXBuildFile; fileRef = 034D8000BC0E32DB005D1CA2 /* Pods_CatchITTests.framework */; };
		1FE4C8673A0DDCC8A28E598C /* Pods_CatchIT_CatchITUITests.framework in Frameworks */ = {isa = PBXBuildFile; fileRef = 6BFCC649999FC8A600C6793C /* Pods_CatchIT_CatchITUITests.framework */; };
		E5703A3C2364AFD800B359A3 /* AppDelegate.swift in Sources */ = {isa = PBXBuildFile; fileRef = E5703A3B2364AFD800B359A3 /* AppDelegate.swift */; };
		E5703A3E2364AFD800B359A3 /* SceneDelegate.swift in Sources */ = {isa = PBXBuildFile; fileRef = E5703A3D2364AFD800B359A3 /* SceneDelegate.swift */; };
		E5703A402364AFD800B359A3 /* CameraController.swift in Sources */ = {isa = PBXBuildFile; fileRef = E5703A3F2364AFD800B359A3 /* CameraController.swift */; };
		E5703A432364AFD800B359A3 /* Main.storyboard in Resources */ = {isa = PBXBuildFile; fileRef = E5703A412364AFD800B359A3 /* Main.storyboard */; };
		E5703A452364AFD800B359A3 /* Assets.xcassets in Resources */ = {isa = PBXBuildFile; fileRef = E5703A442364AFD800B359A3 /* Assets.xcassets */; };
		E5703A482364AFD800B359A3 /* LaunchScreen.storyboard in Resources */ = {isa = PBXBuildFile; fileRef = E5703A462364AFD800B359A3 /* LaunchScreen.storyboard */; };
		E5703A532364AFD800B359A3 /* CatchITTests.swift in Sources */ = {isa = PBXBuildFile; fileRef = E5703A522364AFD800B359A3 /* CatchITTests.swift */; };
		E5703A5E2364AFD800B359A3 /* CatchITUITests.swift in Sources */ = {isa = PBXBuildFile; fileRef = E5703A5D2364AFD800B359A3 /* CatchITUITests.swift */; };
		E5C58E432365128F00B442AE /* GoogleService-Info.plist in Resources */ = {isa = PBXBuildFile; fileRef = E5C58E422365128F00B442AE /* GoogleService-Info.plist */; };
		E5E0BA922364B80A00ABCF04 /* Profile.xib in Resources */ = {isa = PBXBuildFile; fileRef = E5E0BA912364B80A00ABCF04 /* Profile.xib */; };
		E5E0BA932364B80A00ABCF04 /* Profile.xib in Resources */ = {isa = PBXBuildFile; fileRef = E5E0BA912364B80A00ABCF04 /* Profile.xib */; };
		E5E0BA942364B80A00ABCF04 /* Profile.xib in Resources */ = {isa = PBXBuildFile; fileRef = E5E0BA912364B80A00ABCF04 /* Profile.xib */; };
		E5E0BA9A2364B81600ABCF04 /* Store.swift in Sources */ = {isa = PBXBuildFile; fileRef = E5E0BA992364B81600ABCF04 /* Store.swift */; };
		E5E0BA9B2364B81600ABCF04 /* Store.swift in Sources */ = {isa = PBXBuildFile; fileRef = E5E0BA992364B81600ABCF04 /* Store.swift */; };
		E5E0BA9C2364B81600ABCF04 /* Store.swift in Sources */ = {isa = PBXBuildFile; fileRef = E5E0BA992364B81600ABCF04 /* Store.swift */; };
		E5E0BA9E2364B81A00ABCF04 /* Store.xib in Resources */ = {isa = PBXBuildFile; fileRef = E5E0BA9D2364B81A00ABCF04 /* Store.xib */; };
		E5E0BA9F2364B81A00ABCF04 /* Store.xib in Resources */ = {isa = PBXBuildFile; fileRef = E5E0BA9D2364B81A00ABCF04 /* Store.xib */; };
		E5E0BAA02364B81A00ABCF04 /* Store.xib in Resources */ = {isa = PBXBuildFile; fileRef = E5E0BA9D2364B81A00ABCF04 /* Store.xib */; };
		EF2EE924E6A6DEEC7ED0243A /* Pods_CatchIT.framework in Frameworks */ = {isa = PBXBuildFile; fileRef = 2EC5DA2C3083A01C1A1F0F5E /* Pods_CatchIT.framework */; };
/* End PBXBuildFile section */

/* Begin PBXContainerItemProxy section */
		E5703A4F2364AFD800B359A3 /* PBXContainerItemProxy */ = {
			isa = PBXContainerItemProxy;
			containerPortal = E5703A302364AFD700B359A3 /* Project object */;
			proxyType = 1;
			remoteGlobalIDString = E5703A372364AFD800B359A3;
			remoteInfo = CatchIT;
		};
		E5703A5A2364AFD800B359A3 /* PBXContainerItemProxy */ = {
			isa = PBXContainerItemProxy;
			containerPortal = E5703A302364AFD700B359A3 /* Project object */;
			proxyType = 1;
			remoteGlobalIDString = E5703A372364AFD800B359A3;
			remoteInfo = CatchIT;
		};
/* End PBXContainerItemProxy section */

/* Begin PBXFileReference section */
		034D8000BC0E32DB005D1CA2 /* Pods_CatchITTests.framework */ = {isa = PBXFileReference; explicitFileType = wrapper.framework; includeInIndex = 0; path = Pods_CatchITTests.framework; sourceTree = BUILT_PRODUCTS_DIR; };
		2EC5DA2C3083A01C1A1F0F5E /* Pods_CatchIT.framework */ = {isa = PBXFileReference; explicitFileType = wrapper.framework; includeInIndex = 0; path = Pods_CatchIT.framework; sourceTree = BUILT_PRODUCTS_DIR; };
		623C5A4AC94AA3BBADC6E18C /* Pods-CatchIT.debug.xcconfig */ = {isa = PBXFileReference; includeInIndex = 1; lastKnownFileType = text.xcconfig; name = "Pods-CatchIT.debug.xcconfig"; path = "Target Support Files/Pods-CatchIT/Pods-CatchIT.debug.xcconfig"; sourceTree = "<group>"; };
		6BFCC649999FC8A600C6793C /* Pods_CatchIT_CatchITUITests.framework */ = {isa = PBXFileReference; explicitFileType = wrapper.framework; includeInIndex = 0; path = Pods_CatchIT_CatchITUITests.framework; sourceTree = BUILT_PRODUCTS_DIR; };
		6F1F7B1FD73064980E56F2C1 /* Pods-CatchITTests.release.xcconfig */ = {isa = PBXFileReference; includeInIndex = 1; lastKnownFileType = text.xcconfig; name = "Pods-CatchITTests.release.xcconfig"; path = "Target Support Files/Pods-CatchITTests/Pods-CatchITTests.release.xcconfig"; sourceTree = "<group>"; };
		7731F21212359DBEE90A64D1 /* Pods-CatchIT-CatchITUITests.release.xcconfig */ = {isa = PBXFileReference; includeInIndex = 1; lastKnownFileType = text.xcconfig; name = "Pods-CatchIT-CatchITUITests.release.xcconfig"; path = "Target Support Files/Pods-CatchIT-CatchITUITests/Pods-CatchIT-CatchITUITests.release.xcconfig"; sourceTree = "<group>"; };
		AC7B38C9FB1D1E935D733FE4 /* Pods-CatchIT-CatchITUITests.debug.xcconfig */ = {isa = PBXFileReference; includeInIndex = 1; lastKnownFileType = text.xcconfig; name = "Pods-CatchIT-CatchITUITests.debug.xcconfig"; path = "Target Support Files/Pods-CatchIT-CatchITUITests/Pods-CatchIT-CatchITUITests.debug.xcconfig"; sourceTree = "<group>"; };
		C7AC8007746875FE14E84FBF /* Pods-CatchITTests.debug.xcconfig */ = {isa = PBXFileReference; includeInIndex = 1; lastKnownFileType = text.xcconfig; name = "Pods-CatchITTests.debug.xcconfig"; path = "Target Support Files/Pods-CatchITTests/Pods-CatchITTests.debug.xcconfig"; sourceTree = "<group>"; };
		E5703A382364AFD800B359A3 /* CatchIT.app */ = {isa = PBXFileReference; explicitFileType = wrapper.application; includeInIndex = 0; path = CatchIT.app; sourceTree = BUILT_PRODUCTS_DIR; };
		E5703A3B2364AFD800B359A3 /* AppDelegate.swift */ = {isa = PBXFileReference; lastKnownFileType = sourcecode.swift; path = AppDelegate.swift; sourceTree = "<group>"; };
		E5703A3D2364AFD800B359A3 /* SceneDelegate.swift */ = {isa = PBXFileReference; lastKnownFileType = sourcecode.swift; path = SceneDelegate.swift; sourceTree = "<group>"; };
		E5703A3F2364AFD800B359A3 /* CameraController.swift */ = {isa = PBXFileReference; lastKnownFileType = sourcecode.swift; path = CameraController.swift; sourceTree = "<group>"; };
		E5703A422364AFD800B359A3 /* Base */ = {isa = PBXFileReference; lastKnownFileType = file.storyboard; name = Base; path = Base.lproj/Main.storyboard; sourceTree = "<group>"; };
		E5703A442364AFD800B359A3 /* Assets.xcassets */ = {isa = PBXFileReference; lastKnownFileType = folder.assetcatalog; path = Assets.xcassets; sourceTree = "<group>"; };
		E5703A472364AFD800B359A3 /* Base */ = {isa = PBXFileReference; lastKnownFileType = file.storyboard; name = Base; path = Base.lproj/LaunchScreen.storyboard; sourceTree = "<group>"; };
		E5703A492364AFD800B359A3 /* Info.plist */ = {isa = PBXFileReference; lastKnownFileType = text.plist.xml; path = Info.plist; sourceTree = "<group>"; };
		E5703A4E2364AFD800B359A3 /* CatchITTests.xctest */ = {isa = PBXFileReference; explicitFileType = wrapper.cfbundle; includeInIndex = 0; path = CatchITTests.xctest; sourceTree = BUILT_PRODUCTS_DIR; };
		E5703A522364AFD800B359A3 /* CatchITTests.swift */ = {isa = PBXFileReference; lastKnownFileType = sourcecode.swift; path = CatchITTests.swift; sourceTree = "<group>"; };
		E5703A542364AFD800B359A3 /* Info.plist */ = {isa = PBXFileReference; lastKnownFileType = text.plist.xml; path = Info.plist; sourceTree = "<group>"; };
		E5703A592364AFD800B359A3 /* CatchITUITests.xctest */ = {isa = PBXFileReference; explicitFileType = wrapper.cfbundle; includeInIndex = 0; path = CatchITUITests.xctest; sourceTree = BUILT_PRODUCTS_DIR; };
		E5703A5D2364AFD800B359A3 /* CatchITUITests.swift */ = {isa = PBXFileReference; lastKnownFileType = sourcecode.swift; path = CatchITUITests.swift; sourceTree = "<group>"; };
		E5703A5F2364AFD800B359A3 /* Info.plist */ = {isa = PBXFileReference; lastKnownFileType = text.plist.xml; path = Info.plist; sourceTree = "<group>"; };
		E5C58E422365128F00B442AE /* GoogleService-Info.plist */ = {isa = PBXFileReference; fileEncoding = 4; lastKnownFileType = text.plist.xml; path = "GoogleService-Info.plist"; sourceTree = "<group>"; };
		E5E0BA912364B80A00ABCF04 /* Profile.xib */ = {isa = PBXFileReference; lastKnownFileType = file.xib; path = Profile.xib; sourceTree = "<group>"; };
		E5E0BA992364B81600ABCF04 /* Store.swift */ = {isa = PBXFileReference; lastKnownFileType = sourcecode.swift; path = Store.swift; sourceTree = "<group>"; };
		E5E0BA9D2364B81A00ABCF04 /* Store.xib */ = {isa = PBXFileReference; lastKnownFileType = file.xib; path = Store.xib; sourceTree = "<group>"; };
		EAD5D95A568F904ABA1BF154 /* Pods-CatchIT.release.xcconfig */ = {isa = PBXFileReference; includeInIndex = 1; lastKnownFileType = text.xcconfig; name = "Pods-CatchIT.release.xcconfig"; path = "Target Support Files/Pods-CatchIT/Pods-CatchIT.release.xcconfig"; sourceTree = "<group>"; };
/* End PBXFileReference section */

/* Begin PBXFrameworksBuildPhase section */
		E5703A352364AFD800B359A3 /* Frameworks */ = {
			isa = PBXFrameworksBuildPhase;
			buildActionMask = 2147483647;
			files = (
				EF2EE924E6A6DEEC7ED0243A /* Pods_CatchIT.framework in Frameworks */,
			);
			runOnlyForDeploymentPostprocessing = 0;
		};
		E5703A4B2364AFD800B359A3 /* Frameworks */ = {
			isa = PBXFrameworksBuildPhase;
			buildActionMask = 2147483647;
			files = (
				1BFE583BFB67704B7EC283A5 /* Pods_CatchITTests.framework in Frameworks */,
			);
			runOnlyForDeploymentPostprocessing = 0;
		};
		E5703A562364AFD800B359A3 /* Frameworks */ = {
			isa = PBXFrameworksBuildPhase;
			buildActionMask = 2147483647;
			files = (
				1FE4C8673A0DDCC8A28E598C /* Pods_CatchIT_CatchITUITests.framework in Frameworks */,
			);
			runOnlyForDeploymentPostprocessing = 0;
		};
/* End PBXFrameworksBuildPhase section */

/* Begin PBXGroup section */
		E3ED550FF2DC266E67EC3E10 /* Pods */ = {
			isa = PBXGroup;
			children = (
				623C5A4AC94AA3BBADC6E18C /* Pods-CatchIT.debug.xcconfig */,
				EAD5D95A568F904ABA1BF154 /* Pods-CatchIT.release.xcconfig */,
				AC7B38C9FB1D1E935D733FE4 /* Pods-CatchIT-CatchITUITests.debug.xcconfig */,
				7731F21212359DBEE90A64D1 /* Pods-CatchIT-CatchITUITests.release.xcconfig */,
				C7AC8007746875FE14E84FBF /* Pods-CatchITTests.debug.xcconfig */,
				6F1F7B1FD73064980E56F2C1 /* Pods-CatchITTests.release.xcconfig */,
			);
			path = Pods;
			sourceTree = "<group>";
		};
		E5703A2F2364AFD700B359A3 = {
			isa = PBXGroup;
			children = (
				E5703A3A2364AFD800B359A3 /* CatchIT */,
				E5703A512364AFD800B359A3 /* CatchITTests */,
				E5703A5C2364AFD800B359A3 /* CatchITUITests */,
				E5703A392364AFD800B359A3 /* Products */,
				E3ED550FF2DC266E67EC3E10 /* Pods */,
				FF521335C4CE28368B443EA4 /* Frameworks */,
			);
			sourceTree = "<group>";
		};
		E5703A392364AFD800B359A3 /* Products */ = {
			isa = PBXGroup;
			children = (
				E5703A382364AFD800B359A3 /* CatchIT.app */,
				E5703A4E2364AFD800B359A3 /* CatchITTests.xctest */,
				E5703A592364AFD800B359A3 /* CatchITUITests.xctest */,
			);
			name = Products;
			sourceTree = "<group>";
		};
		E5703A3A2364AFD800B359A3 /* CatchIT */ = {
			isa = PBXGroup;
			children = (
				E5C58E422365128F00B442AE /* GoogleService-Info.plist */,
				E5703A3B2364AFD800B359A3 /* AppDelegate.swift */,
				E5703A3D2364AFD800B359A3 /* SceneDelegate.swift */,
				E5703A3F2364AFD800B359A3 /* CameraController.swift */,
				E5703A412364AFD800B359A3 /* Main.storyboard */,
				E5E0BA912364B80A00ABCF04 /* Profile.xib */,
				E5E0BA9D2364B81A00ABCF04 /* Store.xib */,
				E5E0BA992364B81600ABCF04 /* Store.swift */,
				E5703A442364AFD800B359A3 /* Assets.xcassets */,
				E5703A462364AFD800B359A3 /* LaunchScreen.storyboard */,
				E5703A492364AFD800B359A3 /* Info.plist */,
			);
			path = CatchIT;
			sourceTree = "<group>";
		};
		E5703A512364AFD800B359A3 /* CatchITTests */ = {
			isa = PBXGroup;
			children = (
				E5703A522364AFD800B359A3 /* CatchITTests.swift */,
				E5703A542364AFD800B359A3 /* Info.plist */,
			);
			path = CatchITTests;
			sourceTree = "<group>";
		};
		E5703A5C2364AFD800B359A3 /* CatchITUITests */ = {
			isa = PBXGroup;
			children = (
				E5703A5D2364AFD800B359A3 /* CatchITUITests.swift */,
				E5703A5F2364AFD800B359A3 /* Info.plist */,
			);
			path = CatchITUITests;
			sourceTree = "<group>";
		};
		FF521335C4CE28368B443EA4 /* Frameworks */ = {
			isa = PBXGroup;
			children = (
				2EC5DA2C3083A01C1A1F0F5E /* Pods_CatchIT.framework */,
				6BFCC649999FC8A600C6793C /* Pods_CatchIT_CatchITUITests.framework */,
				034D8000BC0E32DB005D1CA2 /* Pods_CatchITTests.framework */,
			);
			name = Frameworks;
			sourceTree = "<group>";
		};
/* End PBXGroup section */

/* Begin PBXNativeTarget section */
		E5703A372364AFD800B359A3 /* CatchIT */ = {
			isa = PBXNativeTarget;
			buildConfigurationList = E5703A622364AFD800B359A3 /* Build configuration list for PBXNativeTarget "CatchIT" */;
			buildPhases = (
				B2C7DDA3EC6F2CFF9C08E196 /* [CP] Check Pods Manifest.lock */,
				E5703A342364AFD800B359A3 /* Sources */,
				E5703A352364AFD800B359A3 /* Frameworks */,
				E5703A362364AFD800B359A3 /* Resources */,
				E5E9D1657CC46A46A80FADB9 /* [CP] Embed Pods Frameworks */,
			);
			buildRules = (
			);
			dependencies = (
			);
			name = CatchIT;
			productName = CatchIT;
			productReference = E5703A382364AFD800B359A3 /* CatchIT.app */;
			productType = "com.apple.product-type.application";
		};
		E5703A4D2364AFD800B359A3 /* CatchITTests */ = {
			isa = PBXNativeTarget;
			buildConfigurationList = E5703A652364AFD800B359A3 /* Build configuration list for PBXNativeTarget "CatchITTests" */;
			buildPhases = (
				C08F4D2C02491E859A0506BA /* [CP] Check Pods Manifest.lock */,
				E5703A4A2364AFD800B359A3 /* Sources */,
				E5703A4B2364AFD800B359A3 /* Frameworks */,
				E5703A4C2364AFD800B359A3 /* Resources */,
			);
			buildRules = (
			);
			dependencies = (
				E5703A502364AFD800B359A3 /* PBXTargetDependency */,
			);
			name = CatchITTests;
			productName = CatchITTests;
			productReference = E5703A4E2364AFD800B359A3 /* CatchITTests.xctest */;
			productType = "com.apple.product-type.bundle.unit-test";
		};
		E5703A582364AFD800B359A3 /* CatchITUITests */ = {
			isa = PBXNativeTarget;
			buildConfigurationList = E5703A682364AFD800B359A3 /* Build configuration list for PBXNativeTarget "CatchITUITests" */;
			buildPhases = (
				6AC15171FD51EBB4A665851C /* [CP] Check Pods Manifest.lock */,
				E5703A552364AFD800B359A3 /* Sources */,
				E5703A562364AFD800B359A3 /* Frameworks */,
				E5703A572364AFD800B359A3 /* Resources */,
				D2126C48633D906425FF02F9 /* [CP] Embed Pods Frameworks */,
			);
			buildRules = (
			);
			dependencies = (
				E5703A5B2364AFD800B359A3 /* PBXTargetDependency */,
			);
			name = CatchITUITests;
			productName = CatchITUITests;
			productReference = E5703A592364AFD800B359A3 /* CatchITUITests.xctest */;
			productType = "com.apple.product-type.bundle.ui-testing";
		};
/* End PBXNativeTarget section */

/* Begin PBXProject section */
		E5703A302364AFD700B359A3 /* Project object */ = {
			isa = PBXProject;
			attributes = {
				LastSwiftUpdateCheck = 1110;
				LastUpgradeCheck = 1110;
				ORGANIZATIONNAME = "Jaafar Rammal";
				TargetAttributes = {
					E5703A372364AFD800B359A3 = {
						CreatedOnToolsVersion = 11.1;
					};
					E5703A4D2364AFD800B359A3 = {
						CreatedOnToolsVersion = 11.1;
						TestTargetID = E5703A372364AFD800B359A3;
					};
					E5703A582364AFD800B359A3 = {
						CreatedOnToolsVersion = 11.1;
						TestTargetID = E5703A372364AFD800B359A3;
					};
				};
			};
			buildConfigurationList = E5703A332364AFD700B359A3 /* Build configuration list for PBXProject "CatchIT" */;
			compatibilityVersion = "Xcode 9.3";
			developmentRegion = en;
			hasScannedForEncodings = 0;
			knownRegions = (
				en,
				Base,
			);
			mainGroup = E5703A2F2364AFD700B359A3;
			productRefGroup = E5703A392364AFD800B359A3 /* Products */;
			projectDirPath = "";
			projectRoot = "";
			targets = (
				E5703A372364AFD800B359A3 /* CatchIT */,
				E5703A4D2364AFD800B359A3 /* CatchITTests */,
				E5703A582364AFD800B359A3 /* CatchITUITests */,
			);
		};
/* End PBXProject section */

/* Begin PBXResourcesBuildPhase section */
		E5703A362364AFD800B359A3 /* Resources */ = {
			isa = PBXResourcesBuildPhase;
			buildActionMask = 2147483647;
			files = (
				E5703A482364AFD800B359A3 /* LaunchScreen.storyboard in Resources */,
				E5E0BA922364B80A00ABCF04 /* Profile.xib in Resources */,
				E5703A452364AFD800B359A3 /* Assets.xcassets in Resources */,
				E5703A432364AFD800B359A3 /* Main.storyboard in Resources */,
				E5E0BA9E2364B81A00ABCF04 /* Store.xib in Resources */,
				E5C58E432365128F00B442AE /* GoogleService-Info.plist in Resources */,
			);
			runOnlyForDeploymentPostprocessing = 0;
		};
		E5703A4C2364AFD800B359A3 /* Resources */ = {
			isa = PBXResourcesBuildPhase;
			buildActionMask = 2147483647;
			files = (
				E5E0BA932364B80A00ABCF04 /* Profile.xib in Resources */,
				E5E0BA9F2364B81A00ABCF04 /* Store.xib in Resources */,
			);
			runOnlyForDeploymentPostprocessing = 0;
		};
		E5703A572364AFD800B359A3 /* Resources */ = {
			isa = PBXResourcesBuildPhase;
			buildActionMask = 2147483647;
			files = (
				E5E0BA942364B80A00ABCF04 /* Profile.xib in Resources */,
				E5E0BAA02364B81A00ABCF04 /* Store.xib in Resources */,
			);
			runOnlyForDeploymentPostprocessing = 0;
		};
/* End PBXResourcesBuildPhase section */

/* Begin PBXShellScriptBuildPhase section */
		6AC15171FD51EBB4A665851C /* [CP] Check Pods Manifest.lock */ = {
			isa = PBXShellScriptBuildPhase;
			buildActionMask = 2147483647;
			files = (
			);
			inputFileListPaths = (
			);
			inputPaths = (
				"${PODS_PODFILE_DIR_PATH}/Podfile.lock",
				"${PODS_ROOT}/Manifest.lock",
			);
			name = "[CP] Check Pods Manifest.lock";
			outputFileListPaths = (
			);
			outputPaths = (
				"$(DERIVED_FILE_DIR)/Pods-CatchIT-CatchITUITests-checkManifestLockResult.txt",
			);
			runOnlyForDeploymentPostprocessing = 0;
			shellPath = /bin/sh;
			shellScript = "diff \"${PODS_PODFILE_DIR_PATH}/Podfile.lock\" \"${PODS_ROOT}/Manifest.lock\" > /dev/null\nif [ $? != 0 ] ; then\n    # print error to STDERR\n    echo \"error: The sandbox is not in sync with the Podfile.lock. Run 'pod install' or update your CocoaPods installation.\" >&2\n    exit 1\nfi\n# This output is used by Xcode 'outputs' to avoid re-running this script phase.\necho \"SUCCESS\" > \"${SCRIPT_OUTPUT_FILE_0}\"\n";
			showEnvVarsInLog = 0;
		};
		B2C7DDA3EC6F2CFF9C08E196 /* [CP] Check Pods Manifest.lock */ = {
			isa = PBXShellScriptBuildPhase;
			buildActionMask = 2147483647;
			files = (
			);
			inputFileListPaths = (
			);
			inputPaths = (
				"${PODS_PODFILE_DIR_PATH}/Podfile.lock",
				"${PODS_ROOT}/Manifest.lock",
			);
			name = "[CP] Check Pods Manifest.lock";
			outputFileListPaths = (
			);
			outputPaths = (
				"$(DERIVED_FILE_DIR)/Pods-CatchIT-checkManifestLockResult.txt",
			);
			runOnlyForDeploymentPostprocessing = 0;
			shellPath = /bin/sh;
			shellScript = "diff \"${PODS_PODFILE_DIR_PATH}/Podfile.lock\" \"${PODS_ROOT}/Manifest.lock\" > /dev/null\nif [ $? != 0 ] ; then\n    # print error to STDERR\n    echo \"error: The sandbox is not in sync with the Podfile.lock. Run 'pod install' or update your CocoaPods installation.\" >&2\n    exit 1\nfi\n# This output is used by Xcode 'outputs' to avoid re-running this script phase.\necho \"SUCCESS\" > \"${SCRIPT_OUTPUT_FILE_0}\"\n";
			showEnvVarsInLog = 0;
		};
		C08F4D2C02491E859A0506BA /* [CP] Check Pods Manifest.lock */ = {
			isa = PBXShellScriptBuildPhase;
			buildActionMask = 2147483647;
			files = (
			);
			inputFileListPaths = (
			);
			inputPaths = (
				"${PODS_PODFILE_DIR_PATH}/Podfile.lock",
				"${PODS_ROOT}/Manifest.lock",
			);
			name = "[CP] Check Pods Manifest.lock";
			outputFileListPaths = (
			);
			outputPaths = (
				"$(DERIVED_FILE_DIR)/Pods-CatchITTests-checkManifestLockResult.txt",
			);
			runOnlyForDeploymentPostprocessing = 0;
			shellPath = /bin/sh;
			shellScript = "diff \"${PODS_PODFILE_DIR_PATH}/Podfile.lock\" \"${PODS_ROOT}/Manifest.lock\" > /dev/null\nif [ $? != 0 ] ; then\n    # print error to STDERR\n    echo \"error: The sandbox is not in sync with the Podfile.lock. Run 'pod install' or update your CocoaPods installation.\" >&2\n    exit 1\nfi\n# This output is used by Xcode 'outputs' to avoid re-running this script phase.\necho \"SUCCESS\" > \"${SCRIPT_OUTPUT_FILE_0}\"\n";
			showEnvVarsInLog = 0;
		};
		D2126C48633D906425FF02F9 /* [CP] Embed Pods Frameworks */ = {
			isa = PBXShellScriptBuildPhase;
			buildActionMask = 2147483647;
			files = (
			);
			inputFileListPaths = (
				"${PODS_ROOT}/Target Support Files/Pods-CatchIT-CatchITUITests/Pods-CatchIT-CatchITUITests-frameworks-${CONFIGURATION}-input-files.xcfilelist",
			);
			name = "[CP] Embed Pods Frameworks";
			outputFileListPaths = (
				"${PODS_ROOT}/Target Support Files/Pods-CatchIT-CatchITUITests/Pods-CatchIT-CatchITUITests-frameworks-${CONFIGURATION}-output-files.xcfilelist",
			);
			runOnlyForDeploymentPostprocessing = 0;
			shellPath = /bin/sh;
			shellScript = "\"${PODS_ROOT}/Target Support Files/Pods-CatchIT-CatchITUITests/Pods-CatchIT-CatchITUITests-frameworks.sh\"\n";
			showEnvVarsInLog = 0;
		};
		E5E9D1657CC46A46A80FADB9 /* [CP] Embed Pods Frameworks */ = {
			isa = PBXShellScriptBuildPhase;
			buildActionMask = 2147483647;
			files = (
			);
			inputFileListPaths = (
				"${PODS_ROOT}/Target Support Files/Pods-CatchIT/Pods-CatchIT-frameworks-${CONFIGURATION}-input-files.xcfilelist",
			);
			name = "[CP] Embed Pods Frameworks";
			outputFileListPaths = (
				"${PODS_ROOT}/Target Support Files/Pods-CatchIT/Pods-CatchIT-frameworks-${CONFIGURATION}-output-files.xcfilelist",
			);
			runOnlyForDeploymentPostprocessing = 0;
			shellPath = /bin/sh;
			shellScript = "\"${PODS_ROOT}/Target Support Files/Pods-CatchIT/Pods-CatchIT-frameworks.sh\"\n";
			showEnvVarsInLog = 0;
		};
/* End PBXShellScriptBuildPhase section */

/* Begin PBXSourcesBuildPhase section */
		E5703A342364AFD800B359A3 /* Sources */ = {
			isa = PBXSourcesBuildPhase;
			buildActionMask = 2147483647;
			files = (
				E5703A402364AFD800B359A3 /* CameraController.swift in Sources */,
				E5E0BA9A2364B81600ABCF04 /* Store.swift in Sources */,
				E5703A3C2364AFD800B359A3 /* AppDelegate.swift in Sources */,
				E5703A3E2364AFD800B359A3 /* SceneDelegate.swift in Sources */,
			);
			runOnlyForDeploymentPostprocessing = 0;
		};
		E5703A4A2364AFD800B359A3 /* Sources */ = {
			isa = PBXSourcesBuildPhase;
			buildActionMask = 2147483647;
			files = (
				E5703A532364AFD800B359A3 /* CatchITTests.swift in Sources */,
				E5E0BA9B2364B81600ABCF04 /* Store.swift in Sources */,
			);
			runOnlyForDeploymentPostprocessing = 0;
		};
		E5703A552364AFD800B359A3 /* Sources */ = {
			isa = PBXSourcesBuildPhase;
			buildActionMask = 2147483647;
			files = (
				E5703A5E2364AFD800B359A3 /* CatchITUITests.swift in Sources */,
				E5E0BA9C2364B81600ABCF04 /* Store.swift in Sources */,
			);
			runOnlyForDeploymentPostprocessing = 0;
		};
/* End PBXSourcesBuildPhase section */

/* Begin PBXTargetDependency section */
		E5703A502364AFD800B359A3 /* PBXTargetDependency */ = {
			isa = PBXTargetDependency;
			target = E5703A372364AFD800B359A3 /* CatchIT */;
			targetProxy = E5703A4F2364AFD800B359A3 /* PBXContainerItemProxy */;
		};
		E5703A5B2364AFD800B359A3 /* PBXTargetDependency */ = {
			isa = PBXTargetDependency;
			target = E5703A372364AFD800B359A3 /* CatchIT */;
			targetProxy = E5703A5A2364AFD800B359A3 /* PBXContainerItemProxy */;
		};
/* End PBXTargetDependency section */

/* Begin PBXVariantGroup section */
		E5703A412364AFD800B359A3 /* Main.storyboard */ = {
			isa = PBXVariantGroup;
			children = (
				E5703A422364AFD800B359A3 /* Base */,
			);
			name = Main.storyboard;
			sourceTree = "<group>";
		};
		E5703A462364AFD800B359A3 /* LaunchScreen.storyboard */ = {
			isa = PBXVariantGroup;
			children = (
				E5703A472364AFD800B359A3 /* Base */,
			);
			name = LaunchScreen.storyboard;
			sourceTree = "<group>";
		};
/* End PBXVariantGroup section */

/* Begin XCBuildConfiguration section */
		E5703A602364AFD800B359A3 /* Debug */ = {
			isa = XCBuildConfiguration;
			buildSettings = {
				ALWAYS_SEARCH_USER_PATHS = NO;
				CLANG_ANALYZER_NONNULL = YES;
				CLANG_ANALYZER_NUMBER_OBJECT_CONVERSION = YES_AGGRESSIVE;
				CLANG_CXX_LANGUAGE_STANDARD = "gnu++14";
				CLANG_CXX_LIBRARY = "libc++";
				CLANG_ENABLE_MODULES = YES;
				CLANG_ENABLE_OBJC_ARC = YES;
				CLANG_ENABLE_OBJC_WEAK = YES;
				CLANG_WARN_BLOCK_CAPTURE_AUTORELEASING = YES;
				CLANG_WARN_BOOL_CONVERSION = YES;
				CLANG_WARN_COMMA = YES;
				CLANG_WARN_CONSTANT_CONVERSION = YES;
				CLANG_WARN_DEPRECATED_OBJC_IMPLEMENTATIONS = YES;
				CLANG_WARN_DIRECT_OBJC_ISA_USAGE = YES_ERROR;
				CLANG_WARN_DOCUMENTATION_COMMENTS = YES;
				CLANG_WARN_EMPTY_BODY = YES;
				CLANG_WARN_ENUM_CONVERSION = YES;
				CLANG_WARN_INFINITE_RECURSION = YES;
				CLANG_WARN_INT_CONVERSION = YES;
				CLANG_WARN_NON_LITERAL_NULL_CONVERSION = YES;
				CLANG_WARN_OBJC_IMPLICIT_RETAIN_SELF = YES;
				CLANG_WARN_OBJC_LITERAL_CONVERSION = YES;
				CLANG_WARN_OBJC_ROOT_CLASS = YES_ERROR;
				CLANG_WARN_RANGE_LOOP_ANALYSIS = YES;
				CLANG_WARN_STRICT_PROTOTYPES = YES;
				CLANG_WARN_SUSPICIOUS_MOVE = YES;
				CLANG_WARN_UNGUARDED_AVAILABILITY = YES_AGGRESSIVE;
				CLANG_WARN_UNREACHABLE_CODE = YES;
				CLANG_WARN__DUPLICATE_METHOD_MATCH = YES;
				COPY_PHASE_STRIP = NO;
				DEBUG_INFORMATION_FORMAT = dwarf;
				ENABLE_STRICT_OBJC_MSGSEND = YES;
				ENABLE_TESTABILITY = YES;
				GCC_C_LANGUAGE_STANDARD = gnu11;
				GCC_DYNAMIC_NO_PIC = NO;
				GCC_NO_COMMON_BLOCKS = YES;
				GCC_OPTIMIZATION_LEVEL = 0;
				GCC_PREPROCESSOR_DEFINITIONS = (
					"DEBUG=1",
					"$(inherited)",
				);
				GCC_WARN_64_TO_32_BIT_CONVERSION = YES;
				GCC_WARN_ABOUT_RETURN_TYPE = YES_ERROR;
				GCC_WARN_UNDECLARED_SELECTOR = YES;
				GCC_WARN_UNINITIALIZED_AUTOS = YES_AGGRESSIVE;
				GCC_WARN_UNUSED_FUNCTION = YES;
				GCC_WARN_UNUSED_VARIABLE = YES;
				IPHONEOS_DEPLOYMENT_TARGET = 13.1;
				MTL_ENABLE_DEBUG_INFO = INCLUDE_SOURCE;
				MTL_FAST_MATH = YES;
				ONLY_ACTIVE_ARCH = YES;
				SDKROOT = iphoneos;
				SWIFT_ACTIVE_COMPILATION_CONDITIONS = DEBUG;
				SWIFT_OPTIMIZATION_LEVEL = "-Onone";
			};
			name = Debug;
		};
		E5703A612364AFD800B359A3 /* Release */ = {
			isa = XCBuildConfiguration;
			buildSettings = {
				ALWAYS_SEARCH_USER_PATHS = NO;
				CLANG_ANALYZER_NONNULL = YES;
				CLANG_ANALYZER_NUMBER_OBJECT_CONVERSION = YES_AGGRESSIVE;
				CLANG_CXX_LANGUAGE_STANDARD = "gnu++14";
				CLANG_CXX_LIBRARY = "libc++";
				CLANG_ENABLE_MODULES = YES;
				CLANG_ENABLE_OBJC_ARC = YES;
				CLANG_ENABLE_OBJC_WEAK = YES;
				CLANG_WARN_BLOCK_CAPTURE_AUTORELEASING = YES;
				CLANG_WARN_BOOL_CONVERSION = YES;
				CLANG_WARN_COMMA = YES;
				CLANG_WARN_CONSTANT_CONVERSION = YES;
				CLANG_WARN_DEPRECATED_OBJC_IMPLEMENTATIONS = YES;
				CLANG_WARN_DIRECT_OBJC_ISA_USAGE = YES_ERROR;
				CLANG_WARN_DOCUMENTATION_COMMENTS = YES;
				CLANG_WARN_EMPTY_BODY = YES;
				CLANG_WARN_ENUM_CONVERSION = YES;
				CLANG_WARN_INFINITE_RECURSION = YES;
				CLANG_WARN_INT_CONVERSION = YES;
				CLANG_WARN_NON_LITERAL_NULL_CONVERSION = YES;
				CLANG_WARN_OBJC_IMPLICIT_RETAIN_SELF = YES;
				CLANG_WARN_OBJC_LITERAL_CONVERSION = YES;
				CLANG_WARN_OBJC_ROOT_CLASS = YES_ERROR;
				CLANG_WARN_RANGE_LOOP_ANALYSIS = YES;
				CLANG_WARN_STRICT_PROTOTYPES = YES;
				CLANG_WARN_SUSPICIOUS_MOVE = YES;
				CLANG_WARN_UNGUARDED_AVAILABILITY = YES_AGGRESSIVE;
				CLANG_WARN_UNREACHABLE_CODE = YES;
				CLANG_WARN__DUPLICATE_METHOD_MATCH = YES;
				COPY_PHASE_STRIP = NO;
				DEBUG_INFORMATION_FORMAT = "dwarf-with-dsym";
				ENABLE_NS_ASSERTIONS = NO;
				ENABLE_STRICT_OBJC_MSGSEND = YES;
				GCC_C_LANGUAGE_STANDARD = gnu11;
				GCC_NO_COMMON_BLOCKS = YES;
				GCC_WARN_64_TO_32_BIT_CONVERSION = YES;
				GCC_WARN_ABOUT_RETURN_TYPE = YES_ERROR;
				GCC_WARN_UNDECLARED_SELECTOR = YES;
				GCC_WARN_UNINITIALIZED_AUTOS = YES_AGGRESSIVE;
				GCC_WARN_UNUSED_FUNCTION = YES;
				GCC_WARN_UNUSED_VARIABLE = YES;
				IPHONEOS_DEPLOYMENT_TARGET = 13.1;
				MTL_ENABLE_DEBUG_INFO = NO;
				MTL_FAST_MATH = YES;
				SDKROOT = iphoneos;
				SWIFT_COMPILATION_MODE = wholemodule;
				SWIFT_OPTIMIZATION_LEVEL = "-O";
				VALIDATE_PRODUCT = YES;
			};
			name = Release;
		};
		E5703A632364AFD800B359A3 /* Debug */ = {
			isa = XCBuildConfiguration;
			baseConfigurationReference = 623C5A4AC94AA3BBADC6E18C /* Pods-CatchIT.debug.xcconfig */;
			buildSettings = {
				ASSETCATALOG_COMPILER_APPICON_NAME = AppIcon;
				CODE_SIGN_STYLE = Automatic;
				DEVELOPMENT_TEAM = XZTCHPV389;
				INFOPLIST_FILE = CatchIT/Info.plist;
				LD_RUNPATH_SEARCH_PATHS = (
					"$(inherited)",
					"@executable_path/Frameworks",
				);
				PRODUCT_BUNDLE_IDENTIFIER = com.pineapple.CatchIT;
				PRODUCT_NAME = "$(TARGET_NAME)";
				SWIFT_VERSION = 5.0;
				TARGETED_DEVICE_FAMILY = "1,2";
			};
			name = Debug;
		};
		E5703A642364AFD800B359A3 /* Release */ = {
			isa = XCBuildConfiguration;
			baseConfigurationReference = EAD5D95A568F904ABA1BF154 /* Pods-CatchIT.release.xcconfig */;
			buildSettings = {
				ASSETCATALOG_COMPILER_APPICON_NAME = AppIcon;
				CODE_SIGN_STYLE = Automatic;
				DEVELOPMENT_TEAM = XZTCHPV389;
				INFOPLIST_FILE = CatchIT/Info.plist;
				LD_RUNPATH_SEARCH_PATHS = (
					"$(inherited)",
					"@executable_path/Frameworks",
				);
				PRODUCT_BUNDLE_IDENTIFIER = com.pineapple.CatchIT;
				PRODUCT_NAME = "$(TARGET_NAME)";
				SWIFT_VERSION = 5.0;
				TARGETED_DEVICE_FAMILY = "1,2";
			};
			name = Release;
		};
		E5703A662364AFD800B359A3 /* Debug */ = {
			isa = XCBuildConfiguration;
			baseConfigurationReference = C7AC8007746875FE14E84FBF /* Pods-CatchITTests.debug.xcconfig */;
			buildSettings = {
				ALWAYS_EMBED_SWIFT_STANDARD_LIBRARIES = YES;
				BUNDLE_LOADER = "$(TEST_HOST)";
				CODE_SIGN_STYLE = Automatic;
				DEVELOPMENT_TEAM = XZTCHPV389;
				INFOPLIST_FILE = CatchITTests/Info.plist;
				IPHONEOS_DEPLOYMENT_TARGET = 13.1;
				LD_RUNPATH_SEARCH_PATHS = (
					"$(inherited)",
					"@executable_path/Frameworks",
					"@loader_path/Frameworks",
				);
				PRODUCT_BUNDLE_IDENTIFIER = com.pineapple.CatchITTests;
				PRODUCT_NAME = "$(TARGET_NAME)";
				SWIFT_VERSION = 5.0;
				TARGETED_DEVICE_FAMILY = "1,2";
				TEST_HOST = "$(BUILT_PRODUCTS_DIR)/CatchIT.app/CatchIT";
			};
			name = Debug;
		};
		E5703A672364AFD800B359A3 /* Release */ = {
			isa = XCBuildConfiguration;
			baseConfigurationReference = 6F1F7B1FD73064980E56F2C1 /* Pods-CatchITTests.release.xcconfig */;
			buildSettings = {
				ALWAYS_EMBED_SWIFT_STANDARD_LIBRARIES = YES;
				BUNDLE_LOADER = "$(TEST_HOST)";
				CODE_SIGN_STYLE = Automatic;
				DEVELOPMENT_TEAM = XZTCHPV389;
				INFOPLIST_FILE = CatchITTests/Info.plist;
				IPHONEOS_DEPLOYMENT_TARGET = 13.1;
				LD_RUNPATH_SEARCH_PATHS = (
					"$(inherited)",
					"@executable_path/Frameworks",
					"@loader_path/Frameworks",
				);
				PRODUCT_BUNDLE_IDENTIFIER = com.pineapple.CatchITTests;
				PRODUCT_NAME = "$(TARGET_NAME)";
				SWIFT_VERSION = 5.0;
				TARGETED_DEVICE_FAMILY = "1,2";
				TEST_HOST = "$(BUILT_PRODUCTS_DIR)/CatchIT.app/CatchIT";
			};
			name = Release;
		};
		E5703A692364AFD800B359A3 /* Debug */ = {
			isa = XCBuildConfiguration;
			baseConfigurationReference = AC7B38C9FB1D1E935D733FE4 /* Pods-CatchIT-CatchITUITests.debug.xcconfig */;
			buildSettings = {
				ALWAYS_EMBED_SWIFT_STANDARD_LIBRARIES = YES;
				CODE_SIGN_STYLE = Automatic;
				DEVELOPMENT_TEAM = XZTCHPV389;
				INFOPLIST_FILE = CatchITUITests/Info.plist;
				LD_RUNPATH_SEARCH_PATHS = (
					"$(inherited)",
					"@executable_path/Frameworks",
					"@loader_path/Frameworks",
				);
				PRODUCT_BUNDLE_IDENTIFIER = com.pineapple.CatchITUITests;
				PRODUCT_NAME = "$(TARGET_NAME)";
				SWIFT_VERSION = 5.0;
				TARGETED_DEVICE_FAMILY = "1,2";
				TEST_TARGET_NAME = CatchIT;
			};
			name = Debug;
		};
		E5703A6A2364AFD800B359A3 /* Release */ = {
			isa = XCBuildConfiguration;
			baseConfigurationReference = 7731F21212359DBEE90A64D1 /* Pods-CatchIT-CatchITUITests.release.xcconfig */;
			buildSettings = {
				ALWAYS_EMBED_SWIFT_STANDARD_LIBRARIES = YES;
				CODE_SIGN_STYLE = Automatic;
				DEVELOPMENT_TEAM = XZTCHPV389;
				INFOPLIST_FILE = CatchITUITests/Info.plist;
				LD_RUNPATH_SEARCH_PATHS = (
					"$(inherited)",
					"@executable_path/Frameworks",
					"@loader_path/Frameworks",
				);
				PRODUCT_BUNDLE_IDENTIFIER = com.pineapple.CatchITUITests;
				PRODUCT_NAME = "$(TARGET_NAME)";
				SWIFT_VERSION = 5.0;
				TARGETED_DEVICE_FAMILY = "1,2";
				TEST_TARGET_NAME = CatchIT;
			};
			name = Release;
		};
/* End XCBuildConfiguration section */

/* Begin XCConfigurationList section */
		E5703A332364AFD700B359A3 /* Build configuration list for PBXProject "CatchIT" */ = {
			isa = XCConfigurationList;
			buildConfigurations = (
				E5703A602364AFD800B359A3 /* Debug */,
				E5703A612364AFD800B359A3 /* Release */,
			);
			defaultConfigurationIsVisible = 0;
			defaultConfigurationName = Release;
		};
		E5703A622364AFD800B359A3 /* Build configuration list for PBXNativeTarget "CatchIT" */ = {
			isa = XCConfigurationList;
			buildConfigurations = (
				E5703A632364AFD800B359A3 /* Debug */,
				E5703A642364AFD800B359A3 /* Release */,
			);
			defaultConfigurationIsVisible = 0;
			defaultConfigurationName = Release;
		};
		E5703A652364AFD800B359A3 /* Build configuration list for PBXNativeTarget "CatchITTests" */ = {
			isa = XCConfigurationList;
			buildConfigurations = (
				E5703A662364AFD800B359A3 /* Debug */,
				E5703A672364AFD800B359A3 /* Release */,
			);
			defaultConfigurationIsVisible = 0;
			defaultConfigurationName = Release;
		};
		E5703A682364AFD800B359A3 /* Build configuration list for PBXNativeTarget "CatchITUITests" */ = {
			isa = XCConfigurationList;
			buildConfigurations = (
				E5703A692364AFD800B359A3 /* Debug */,
				E5703A6A2364AFD800B359A3 /* Release */,
			);
			defaultConfigurationIsVisible = 0;
			defaultConfigurationName = Release;
		};
/* End XCConfigurationList section */
	};
	rootObject = E5703A302364AFD700B359A3 /* Project object */;
}
